
Microsoft Visual Studio Solution File, Format Version 12.00
# Visual Studio Version 17
VisualStudioVersion = 17.7.34018.315
MinimumVisualStudioVersion = 10.0.40219.1
Project("{8BC9CEB8-8B4A-11D0-8D11-00A0C91BC942}") = "Sandbox", "Sandbox\Sandbox.vcxproj", "{69428F50-6F7D-4968-93F2-133AE8F753EA}"
EndProject
Project("{8BC9CEB8-8B4A-11D0-8D11-00A0C91BC942}") = "CrappyEngine", "CrappyEngine\CrappyEngine.vcxproj", "{E399D859-D150-4EFE-8AA3-CBD769DBF44F}"
EndProject
Global
	GlobalSection(SolutionConfigurationPlatforms) = preSolution
		Debug|x64 = Debug|x64
		Release|x64 = Release|x64
	EndGlobalSection
	GlobalSection(ProjectConfigurationPlatforms) = postSolution
		{E399D859-D150-4EFE-8AA3-CBD769DBF44F}.Debug|x64.ActiveCfg = Debug|x64
		{E399D859-D150-4EFE-8AA3-CBD769DBF44F}.Debug|x64.Build.0 = Debug|x64
		{E399D859-D150-4EFE-8AA3-CBD769DBF44F}.Release|x64.ActiveCfg = Release|x64
		{E399D859-D150-4EFE-8AA3-CBD769DBF44F}.Release|x64.Build.0 = Release|x64
		{69428F50-6F7D-4968-93F2-133AE8F753EA}.Debug|x64.ActiveCfg = Debug|x64
		{69428F50-6F7D-4968-93F2-133AE8F753EA}.Debug|x64.Build.0 = Debug|x64
		{69428F50-6F7D-4968-93F2-133AE8F753EA}.Release|x64.ActiveCfg = Release|x64
		{69428F50-6F7D-4968-93F2-133AE8F753EA}.Release|x64.Build.0 = Release|x64
	EndGlobalSection
	GlobalSection(SolutionProperties) = preSolution
		HideSolutionNode = FALSE
	EndGlobalSection
	GlobalSection(ExtensibilityGlobals) = postSolution
		SolutionGuid = {D74DAB48-36E9-41AA-AF33-63AD75859C7E}
	EndGlobalSection
EndGlobal
