<?xml version="1.0" encoding="utf-8"?>
<Project ToolsVersion="4.0" xmlns="http://schemas.microsoft.com/developer/msbuild/2003">
  <ItemGroup>
    <Filter Include="CrappyEngine">
      <UniqueIdentifier>{8AF61772-7659-A716-1FDF-DFCC0B217399}</UniqueIdentifier>
    </Filter>
  </ItemGroup>
  <ItemGroup>
    <ClInclude Include="src\CrappyEngine.h" />
    <ClInclude Include="src\CrappyEngine\Application.h">
      <Filter>CrappyEngine</Filter>
    </ClInclude>
    <ClInclude Include="src\CrappyEngine\Core.h">
      <Filter>CrappyEngine</Filter>
    </ClInclude>
    <ClInclude Include="src\CrappyEngine\EntryPoint.h">
      <Filter>CrappyEngine</Filter>
    </ClInclude>
    <ClInclude Include="src\CrappyEngine\Log.h">
      <Filter>CrappyEngine</Filter>
    </ClInclude>
  </ItemGroup>
  <ItemGroup>
    <ClCompile Include="src\CrappyEngine\Application.cpp">
      <Filter>CrappyEngine</Filter>
    </ClCompile>
    <ClCompile Include="src\CrappyEngine\Log.cpp">
      <Filter>CrappyEngine</Filter>
    </ClCompile>
  </ItemGroup>
</Project>