<?xml version="1.0" encoding="utf-8"?>
<Project ToolsVersion="4.0" xmlns="http://schemas.microsoft.com/developer/msbuild/2003">
  <ItemGroup>
    <Filter Include="CrappyEngine">
      <UniqueIdentifier>{8AF61772-7659-A716-1FDF-DFCC0B217399}</UniqueIdentifier>
    </Filter>
    <Filter Include="CrappyEngine\Events">
      <UniqueIdentifier>{2EA3B9BB-9A04-97C9-2372-DD7B8FD2CD88}</UniqueIdentifier>
    </Filter>
    <Filter Include="CrappyEngine\Platform">
      <UniqueIdentifier>{e55ad836-1bc2-45e7-a359-a82e3ef8f74a}</UniqueIdentifier>
    </Filter>
    <Filter Include="CrappyEngine\Platform\Windows">
      <UniqueIdentifier>{96a70c12-c2ea-4405-9e51-ed1d6b654d5a}</UniqueIdentifier>
    </Filter>
  </ItemGroup>
  <ItemGroup>
    <ClInclude Include="src\CrappyEngine.h" />
    <ClInclude Include="src\CrappyEngine\Application.h">
      <Filter>CrappyEngine</Filter>
    </ClInclude>
    <ClInclude Include="src\CrappyEngine\Core.h">
      <Filter>CrappyEngine</Filter>
    </ClInclude>
    <ClInclude Include="src\CrappyEngine\EntryPoint.h">
      <Filter>CrappyEngine</Filter>
    </ClInclude>
    <ClInclude Include="src\CrappyEngine\Events\ApplicationEvent.h">
      <Filter>CrappyEngine\Events</Filter>
    </ClInclude>
    <ClInclude Include="src\CrappyEngine\Events\Event.h">
      <Filter>CrappyEngine\Events</Filter>
    </ClInclude>
    <ClInclude Include="src\CrappyEngine\Events\KeyEvent.h">
      <Filter>CrappyEngine\Events</Filter>
    </ClInclude>
    <ClInclude Include="src\CrappyEngine\Events\MouseEvent.h">
      <Filter>CrappyEngine\Events</Filter>
    </ClInclude>
    <ClInclude Include="src\CrappyEngine\Log.h">
      <Filter>CrappyEngine</Filter>
    </ClInclude>
    <ClInclude Include="src\cepch.h" />
    <ClInclude Include="Window.h">
      <Filter>CrappyEngine</Filter>
    </ClInclude>
    <ClInclude Include="WindowsWindow.h" />
  </ItemGroup>
  <ItemGroup>
    <ClCompile Include="src\CrappyEngine\Application.cpp">
      <Filter>CrappyEngine</Filter>
    </ClCompile>
    <ClCompile Include="src\CrappyEngine\Log.cpp">
      <Filter>CrappyEngine</Filter>
    </ClCompile>
    <ClCompile Include="src\cepch.cpp" />
    <ClCompile Include="WindowsWindow.cpp" />
  </ItemGroup>
</Project>